SITE
  remote: http://community.opscode.com/api/v1
  specs:
    apt (2.0.0)

GIT
  remote: git@github.com:robertkowalski/chef-pimodulestemp.git
  ref: master
  sha: 378c3fb7b4509c811f941e0aab5f9796e067fd91
  specs:
    chef-pimodulestemp (1.0.0)

GIT
  remote: git@github.com:robertkowalski/chef-prepare-weather.git
  ref: master
  sha: 277786965a07b891f5d4523cf4819c9c384a0921
  specs:
    chef-prepare-weather (1.0.1)

DEPENDENCIES
  apt (>= 0)
  chef-pimodulestemp (>= 0)
  chef-prepare-weather (>= 0)

